// !$*UTF8*$!
{
	archiveVersion = 1;
	classes = {
	};
	objectVersion = 52;
	objects = {

/* Begin PBXBuildFile section */
		C23F042D262C40D4004686CE /* RxSwift.xcframework in Frameworks */ = {isa = PBXBuildFile; fileRef = C2A64DB9262C3EB40018641C /* RxSwift.xcframework */; };
		C23F042E262C40D4004686CE /* RxSwift.xcframework in Embed Frameworks */ = {isa = PBXBuildFile; fileRef = C2A64DB9262C3EB40018641C /* RxSwift.xcframework */; settings = {ATTRIBUTES = (CodeSignOnCopy, RemoveHeadersOnCopy, ); }; };
		C23F043B262C4183004686CE /* RxSwift.xcframework in Frameworks */ = {isa = PBXBuildFile; fileRef = C2A64DB9262C3EB40018641C /* RxSwift.xcframework */; };
		C23F0446262C4228004686CE /* RxCocoa.xcframework in Frameworks */ = {isa = PBXBuildFile; fileRef = C23F0445262C4228004686CE /* RxCocoa.xcframework */; };
		C23F0447262C4228004686CE /* RxCocoa.xcframework in Embed Frameworks */ = {isa = PBXBuildFile; fileRef = C23F0445262C4228004686CE /* RxCocoa.xcframework */; settings = {ATTRIBUTES = (CodeSignOnCopy, RemoveHeadersOnCopy, ); }; };
		C23F0452262C428F004686CE /* RxRelay.xcframework in Frameworks */ = {isa = PBXBuildFile; fileRef = C23F0451262C428F004686CE /* RxRelay.xcframework */; };
		C23F0453262C428F004686CE /* RxRelay.xcframework in Embed Frameworks */ = {isa = PBXBuildFile; fileRef = C23F0451262C428F004686CE /* RxRelay.xcframework */; settings = {ATTRIBUTES = (CodeSignOnCopy, RemoveHeadersOnCopy, ); }; };
		C23F0457262C4322004686CE /* RxRelay.xcframework in Frameworks */ = {isa = PBXBuildFile; fileRef = C23F0451262C428F004686CE /* RxRelay.xcframework */; };
		C23F045B262C4326004686CE /* RxCocoa.xcframework in Frameworks */ = {isa = PBXBuildFile; fileRef = C23F0445262C4228004686CE /* RxCocoa.xcframework */; };
		C263715C276823430029CDCB /* RxCocoa.xcframework in Frameworks */ = {isa = PBXBuildFile; fileRef = C23F0445262C4228004686CE /* RxCocoa.xcframework */; };
		C263715D276823430029CDCB /* RxCocoa.xcframework in Embed Frameworks */ = {isa = PBXBuildFile; fileRef = C23F0445262C4228004686CE /* RxCocoa.xcframework */; settings = {ATTRIBUTES = (CodeSignOnCopy, RemoveHeadersOnCopy, ); }; };
		C263715E276823430029CDCB /* RxRelay.xcframework in Frameworks */ = {isa = PBXBuildFile; fileRef = C23F0451262C428F004686CE /* RxRelay.xcframework */; };
		C263715F276823430029CDCB /* RxRelay.xcframework in Embed Frameworks */ = {isa = PBXBuildFile; fileRef = C23F0451262C428F004686CE /* RxRelay.xcframework */; settings = {ATTRIBUTES = (CodeSignOnCopy, RemoveHeadersOnCopy, ); }; };
		C2637160276823430029CDCB /* RxSwift.xcframework in Frameworks */ = {isa = PBXBuildFile; fileRef = C2A64DB9262C3EB40018641C /* RxSwift.xcframework */; };
		C2637161276823430029CDCB /* RxSwift.xcframework in Embed Frameworks */ = {isa = PBXBuildFile; fileRef = C2A64DB9262C3EB40018641C /* RxSwift.xcframework */; settings = {ATTRIBUTES = (CodeSignOnCopy, RemoveHeadersOnCopy, ); }; };
		C26CE3CC26781A1B00BA3C3F /* ExampleSwiftUIApp.swift in Sources */ = {isa = PBXBuildFile; fileRef = C26CE3CB26781A1B00BA3C3F /* ExampleSwiftUIApp.swift */; };
		C26CE3CE26781A1B00BA3C3F /* ContentView.swift in Sources */ = {isa = PBXBuildFile; fileRef = C26CE3CD26781A1B00BA3C3F /* ContentView.swift */; };
		C26CE3D026781A1D00BA3C3F /* Assets.xcassets in Resources */ = {isa = PBXBuildFile; fileRef = C26CE3CF26781A1D00BA3C3F /* Assets.xcassets */; };
		C26CE3D326781A1D00BA3C3F /* Preview Assets.xcassets in Resources */ = {isa = PBXBuildFile; fileRef = C26CE3D226781A1D00BA3C3F /* Preview Assets.xcassets */; };
		C26CE3DE26781A1D00BA3C3F /* ExampleSwiftUITests.swift in Sources */ = {isa = PBXBuildFile; fileRef = C26CE3DD26781A1D00BA3C3F /* ExampleSwiftUITests.swift */; };
		C26CE3E926781A1E00BA3C3F /* ExampleSwiftUIUITests.swift in Sources */ = {isa = PBXBuildFile; fileRef = C26CE3E826781A1E00BA3C3F /* ExampleSwiftUIUITests.swift */; };
		C26CE408267C1A9300BA3C3F /* MediaPlayer.framework in Frameworks */ = {isa = PBXBuildFile; fileRef = FF11FC0A232A270D0043C29B /* MediaPlayer.framework */; };
		C26CE40F267C1AAD00BA3C3F /* RxMusicPlayer.framework in Frameworks */ = {isa = PBXBuildFile; fileRef = FF11FBBA2329E2DE0043C29B /* RxMusicPlayer.framework */; };
		C26CE410267C1AAD00BA3C3F /* RxMusicPlayer.framework in Embed Frameworks */ = {isa = PBXBuildFile; fileRef = FF11FBBA2329E2DE0043C29B /* RxMusicPlayer.framework */; settings = {ATTRIBUTES = (CodeSignOnCopy, RemoveHeadersOnCopy, ); }; };
		C26CE41A267C683B00BA3C3F /* PlayerView.swift in Sources */ = {isa = PBXBuildFile; fileRef = C26CE419267C683B00BA3C3F /* PlayerView.swift */; };
		C26CE432267DF26400BA3C3F /* UIProgressSlider.swift in Sources */ = {isa = PBXBuildFile; fileRef = C26CE431267DF26400BA3C3F /* UIProgressSlider.swift */; };
		C26CE439267DF28A00BA3C3F /* ProgressSliderView.swift in Sources */ = {isa = PBXBuildFile; fileRef = C26CE438267DF28A00BA3C3F /* ProgressSliderView.swift */; };
		C2772B672682B91200D2450A /* tagmp3_9179181.mp3 in Resources */ = {isa = PBXBuildFile; fileRef = C2772B662682B91200D2450A /* tagmp3_9179181.mp3 */; };
		FF11FBC42329E2DE0043C29B /* RxMusicPlayer.framework in Frameworks */ = {isa = PBXBuildFile; fileRef = FF11FBBA2329E2DE0043C29B /* RxMusicPlayer.framework */; };
		FF11FBC92329E2DE0043C29B /* RxMusicPlayerTests.swift in Sources */ = {isa = PBXBuildFile; fileRef = FF11FBC82329E2DE0043C29B /* RxMusicPlayerTests.swift */; };
		FF11FBCB2329E2DE0043C29B /* RxMusicPlayer.h in Headers */ = {isa = PBXBuildFile; fileRef = FF11FBBD2329E2DE0043C29B /* RxMusicPlayer.h */; settings = {ATTRIBUTES = (Public, ); }; };
		FF11FBDB2329E3560043C29B /* AppDelegate.swift in Sources */ = {isa = PBXBuildFile; fileRef = FF11FBDA2329E3560043C29B /* AppDelegate.swift */; };
		FF11FBE02329E3560043C29B /* Main.storyboard in Resources */ = {isa = PBXBuildFile; fileRef = FF11FBDE2329E3560043C29B /* Main.storyboard */; };
		FF11FBE22329E35A0043C29B /* Assets.xcassets in Resources */ = {isa = PBXBuildFile; fileRef = FF11FBE12329E35A0043C29B /* Assets.xcassets */; };
		FF11FBE52329E35A0043C29B /* LaunchScreen.storyboard in Resources */ = {isa = PBXBuildFile; fileRef = FF11FBE32329E35A0043C29B /* LaunchScreen.storyboard */; };
		FF11FBF02329E35A0043C29B /* ExampleTests.swift in Sources */ = {isa = PBXBuildFile; fileRef = FF11FBEF2329E35A0043C29B /* ExampleTests.swift */; };
		FF11FBF92329E50E0043C29B /* RxMusicPlayer.framework in Frameworks */ = {isa = PBXBuildFile; fileRef = FF11FBBA2329E2DE0043C29B /* RxMusicPlayer.framework */; };
		FF11FBFD2329EE770043C29B /* RxMusicPlayer.swift in Sources */ = {isa = PBXBuildFile; fileRef = FF11FBFC2329EE770043C29B /* RxMusicPlayer.swift */; };
		FF11FBFF2329F3010043C29B /* RxMusicPlayerItem.swift in Sources */ = {isa = PBXBuildFile; fileRef = FF11FBFE2329F3010043C29B /* RxMusicPlayerItem.swift */; };
		FF11FC032329F81F0043C29B /* RxMusicPlayerItem+Rx.swift in Sources */ = {isa = PBXBuildFile; fileRef = FF11FC022329F81F0043C29B /* RxMusicPlayerItem+Rx.swift */; };
		FF11FC09232A23FF0043C29B /* AVAsynchronousKeyValueLoading+Rx.swift in Sources */ = {isa = PBXBuildFile; fileRef = FF11FC08232A23FF0043C29B /* AVAsynchronousKeyValueLoading+Rx.swift */; };
		FF11FC0B232A270D0043C29B /* MediaPlayer.framework in Frameworks */ = {isa = PBXBuildFile; fileRef = FF11FC0A232A270D0043C29B /* MediaPlayer.framework */; };
		FF11FC11232A2A5E0043C29B /* TableViewController.swift in Sources */ = {isa = PBXBuildFile; fileRef = FF11FC10232A2A5E0043C29B /* TableViewController.swift */; };
		FF11FC16232A391F0043C29B /* RxMusicPlayerError.swift in Sources */ = {isa = PBXBuildFile; fileRef = FF11FC15232A391F0043C29B /* RxMusicPlayerError.swift */; };
		FF1EBBBC2331C9210049C1C6 /* Double+Int.swift in Sources */ = {isa = PBXBuildFile; fileRef = FF1EBBBB2331C9210049C1C6 /* Double+Int.swift */; };
		FF1EBBBE2331DECD0049C1C6 /* AVPlayer+Rx.swift in Sources */ = {isa = PBXBuildFile; fileRef = FF1EBBBD2331DECD0049C1C6 /* AVPlayer+Rx.swift */; };
		FF1EBBC0233220CC0049C1C6 /* ProgressSlider.swift in Sources */ = {isa = PBXBuildFile; fileRef = FF1EBBBF233220CC0049C1C6 /* ProgressSlider.swift */; };
		FF1EBBC2233228460049C1C6 /* ProgressSlider+Rx.swift in Sources */ = {isa = PBXBuildFile; fileRef = FF1EBBC1233228460049C1C6 /* ProgressSlider+Rx.swift */; };
		FF1EBBC4233352AD0049C1C6 /* Observable+Rx.swift in Sources */ = {isa = PBXBuildFile; fileRef = FF1EBBC3233352AD0049C1C6 /* Observable+Rx.swift */; };
		FF20C08D233B4866002E796C /* AVAsset+Rx.swift in Sources */ = {isa = PBXBuildFile; fileRef = FF20C08C233B4866002E796C /* AVAsset+Rx.swift */; };
		FF20C08F233B48F7002E796C /* AVPlayerItem+Rx.swift in Sources */ = {isa = PBXBuildFile; fileRef = FF20C08E233B48F7002E796C /* AVPlayerItem+Rx.swift */; };
		FF6080092334C4ED0007A123 /* Array+Basic.swift in Sources */ = {isa = PBXBuildFile; fileRef = FF6080082334C4ED0007A123 /* Array+Basic.swift */; };
		FF6769C82330E59500906FF6 /* CMTime+String.swift in Sources */ = {isa = PBXBuildFile; fileRef = FF6769C62330E3D100906FF6 /* CMTime+String.swift */; };
		FF79D4C3245580100044EDDB /* PlaybackRateAction.swift in Sources */ = {isa = PBXBuildFile; fileRef = FF79D4C2245580100044EDDB /* PlaybackRateAction.swift */; };
		FFC91AF7232A4C1100B3E89A /* RxMusicPlayer+Rx.swift in Sources */ = {isa = PBXBuildFile; fileRef = FFC91AF6232A4C1100B3E89A /* RxMusicPlayer+Rx.swift */; };
		FFC91B25232B92E200B3E89A /* RxMusicPlayer.framework in Embed Frameworks */ = {isa = PBXBuildFile; fileRef = FF11FBBA2329E2DE0043C29B /* RxMusicPlayer.framework */; settings = {ATTRIBUTES = (CodeSignOnCopy, RemoveHeadersOnCopy, ); }; };
		FFC91B2C232B9A5A00B3E89A /* Wireframe.swift in Sources */ = {isa = PBXBuildFile; fileRef = FFC91B2B232B9A5A00B3E89A /* Wireframe.swift */; };
/* End PBXBuildFile section */

/* Begin PBXContainerItemProxy section */
		C26CE3DA26781A1D00BA3C3F /* PBXContainerItemProxy */ = {
			isa = PBXContainerItemProxy;
			containerPortal = FF11FBB12329E2DE0043C29B /* Project object */;
			proxyType = 1;
			remoteGlobalIDString = C26CE3C826781A1B00BA3C3F;
			remoteInfo = ExampleSwiftUI;
		};
		C26CE3E526781A1E00BA3C3F /* PBXContainerItemProxy */ = {
			isa = PBXContainerItemProxy;
			containerPortal = FF11FBB12329E2DE0043C29B /* Project object */;
			proxyType = 1;
			remoteGlobalIDString = C26CE3C826781A1B00BA3C3F;
			remoteInfo = ExampleSwiftUI;
		};
		C26CE411267C1AAD00BA3C3F /* PBXContainerItemProxy */ = {
			isa = PBXContainerItemProxy;
			containerPortal = FF11FBB12329E2DE0043C29B /* Project object */;
			proxyType = 1;
			remoteGlobalIDString = FF11FBB92329E2DE0043C29B;
			remoteInfo = RxMusicPlayer;
		};
		FF11FBC52329E2DE0043C29B /* PBXContainerItemProxy */ = {
			isa = PBXContainerItemProxy;
			containerPortal = FF11FBB12329E2DE0043C29B /* Project object */;
			proxyType = 1;
			remoteGlobalIDString = FF11FBB92329E2DE0043C29B;
			remoteInfo = RxMusicPlayer;
		};
		FF11FBEC2329E35A0043C29B /* PBXContainerItemProxy */ = {
			isa = PBXContainerItemProxy;
			containerPortal = FF11FBB12329E2DE0043C29B /* Project object */;
			proxyType = 1;
			remoteGlobalIDString = FF11FBD72329E3560043C29B;
			remoteInfo = Example;
		};
		FFC91B26232B92E200B3E89A /* PBXContainerItemProxy */ = {
			isa = PBXContainerItemProxy;
			containerPortal = FF11FBB12329E2DE0043C29B /* Project object */;
			proxyType = 1;
			remoteGlobalIDString = FF11FBB92329E2DE0043C29B;
			remoteInfo = RxMusicPlayer;
		};
/* End PBXContainerItemProxy section */

/* Begin PBXCopyFilesBuildPhase section */
		C26CE413267C1AAD00BA3C3F /* Embed Frameworks */ = {
			isa = PBXCopyFilesBuildPhase;
			buildActionMask = 2147483647;
			dstPath = "";
			dstSubfolderSpec = 10;
			files = (
				C263715F276823430029CDCB /* RxRelay.xcframework in Embed Frameworks */,
				C2637161276823430029CDCB /* RxSwift.xcframework in Embed Frameworks */,
				C26CE410267C1AAD00BA3C3F /* RxMusicPlayer.framework in Embed Frameworks */,
				C263715D276823430029CDCB /* RxCocoa.xcframework in Embed Frameworks */,
			);
			name = "Embed Frameworks";
			runOnlyForDeploymentPostprocessing = 0;
		};
		FFC91B28232B92E300B3E89A /* Embed Frameworks */ = {
			isa = PBXCopyFilesBuildPhase;
			buildActionMask = 2147483647;
			dstPath = "";
			dstSubfolderSpec = 10;
			files = (
				FFC91B25232B92E200B3E89A /* RxMusicPlayer.framework in Embed Frameworks */,
				C23F0453262C428F004686CE /* RxRelay.xcframework in Embed Frameworks */,
				C23F042E262C40D4004686CE /* RxSwift.xcframework in Embed Frameworks */,
				C23F0447262C4228004686CE /* RxCocoa.xcframework in Embed Frameworks */,
			);
			name = "Embed Frameworks";
			runOnlyForDeploymentPostprocessing = 0;
		};
/* End PBXCopyFilesBuildPhase section */

/* Begin PBXFileReference section */
		29F14102611888BD7A78FEDB /* Pods-Example.debug.xcconfig */ = {isa = PBXFileReference; includeInIndex = 1; lastKnownFileType = text.xcconfig; name = "Pods-Example.debug.xcconfig"; path = "Target Support Files/Pods-Example/Pods-Example.debug.xcconfig"; sourceTree = "<group>"; };
		4B9F36DF15A393FC092613E9 /* Pods_Example.framework */ = {isa = PBXFileReference; explicitFileType = wrapper.framework; includeInIndex = 0; path = Pods_Example.framework; sourceTree = BUILT_PRODUCTS_DIR; };
		A2967B6D05CEF133682298D0 /* Pods-Example.release.xcconfig */ = {isa = PBXFileReference; includeInIndex = 1; lastKnownFileType = text.xcconfig; name = "Pods-Example.release.xcconfig"; path = "Target Support Files/Pods-Example/Pods-Example.release.xcconfig"; sourceTree = "<group>"; };
		C23F0445262C4228004686CE /* RxCocoa.xcframework */ = {isa = PBXFileReference; lastKnownFileType = wrapper.xcframework; name = RxCocoa.xcframework; path = Carthage/Build/RxCocoa.xcframework; sourceTree = "<group>"; };
		C23F0451262C428F004686CE /* RxRelay.xcframework */ = {isa = PBXFileReference; lastKnownFileType = wrapper.xcframework; name = RxRelay.xcframework; path = Carthage/Build/RxRelay.xcframework; sourceTree = "<group>"; };
		C26CE3C926781A1B00BA3C3F /* ExampleSwiftUI.app */ = {isa = PBXFileReference; explicitFileType = wrapper.application; includeInIndex = 0; path = ExampleSwiftUI.app; sourceTree = BUILT_PRODUCTS_DIR; };
		C26CE3CB26781A1B00BA3C3F /* ExampleSwiftUIApp.swift */ = {isa = PBXFileReference; lastKnownFileType = sourcecode.swift; path = ExampleSwiftUIApp.swift; sourceTree = "<group>"; };
		C26CE3CD26781A1B00BA3C3F /* ContentView.swift */ = {isa = PBXFileReference; lastKnownFileType = sourcecode.swift; path = ContentView.swift; sourceTree = "<group>"; };
		C26CE3CF26781A1D00BA3C3F /* Assets.xcassets */ = {isa = PBXFileReference; lastKnownFileType = folder.assetcatalog; path = Assets.xcassets; sourceTree = "<group>"; };
		C26CE3D226781A1D00BA3C3F /* Preview Assets.xcassets */ = {isa = PBXFileReference; lastKnownFileType = folder.assetcatalog; path = "Preview Assets.xcassets"; sourceTree = "<group>"; };
		C26CE3D426781A1D00BA3C3F /* Info.plist */ = {isa = PBXFileReference; lastKnownFileType = text.plist.xml; path = Info.plist; sourceTree = "<group>"; };
		C26CE3D926781A1D00BA3C3F /* ExampleSwiftUITests.xctest */ = {isa = PBXFileReference; explicitFileType = wrapper.cfbundle; includeInIndex = 0; path = ExampleSwiftUITests.xctest; sourceTree = BUILT_PRODUCTS_DIR; };
		C26CE3DD26781A1D00BA3C3F /* ExampleSwiftUITests.swift */ = {isa = PBXFileReference; lastKnownFileType = sourcecode.swift; path = ExampleSwiftUITests.swift; sourceTree = "<group>"; };
		C26CE3DF26781A1E00BA3C3F /* Info.plist */ = {isa = PBXFileReference; lastKnownFileType = text.plist.xml; path = Info.plist; sourceTree = "<group>"; };
		C26CE3E426781A1E00BA3C3F /* ExampleSwiftUIUITests.xctest */ = {isa = PBXFileReference; explicitFileType = wrapper.cfbundle; includeInIndex = 0; path = ExampleSwiftUIUITests.xctest; sourceTree = BUILT_PRODUCTS_DIR; };
		C26CE3E826781A1E00BA3C3F /* ExampleSwiftUIUITests.swift */ = {isa = PBXFileReference; lastKnownFileType = sourcecode.swift; path = ExampleSwiftUIUITests.swift; sourceTree = "<group>"; };
		C26CE3EA26781A1E00BA3C3F /* Info.plist */ = {isa = PBXFileReference; lastKnownFileType = text.plist.xml; path = Info.plist; sourceTree = "<group>"; };
		C26CE419267C683B00BA3C3F /* PlayerView.swift */ = {isa = PBXFileReference; lastKnownFileType = sourcecode.swift; path = PlayerView.swift; sourceTree = "<group>"; };
		C26CE431267DF26400BA3C3F /* UIProgressSlider.swift */ = {isa = PBXFileReference; lastKnownFileType = sourcecode.swift; path = UIProgressSlider.swift; sourceTree = "<group>"; };
		C26CE438267DF28A00BA3C3F /* ProgressSliderView.swift */ = {isa = PBXFileReference; lastKnownFileType = sourcecode.swift; path = ProgressSliderView.swift; sourceTree = "<group>"; };
		C2772B662682B91200D2450A /* tagmp3_9179181.mp3 */ = {isa = PBXFileReference; lastKnownFileType = audio.mp3; path = tagmp3_9179181.mp3; sourceTree = "<group>"; };
		C2A64DB9262C3EB40018641C /* RxSwift.xcframework */ = {isa = PBXFileReference; lastKnownFileType = wrapper.xcframework; name = RxSwift.xcframework; path = Carthage/Build/RxSwift.xcframework; sourceTree = "<group>"; };
		FF11FBBA2329E2DE0043C29B /* RxMusicPlayer.framework */ = {isa = PBXFileReference; explicitFileType = wrapper.framework; includeInIndex = 0; path = RxMusicPlayer.framework; sourceTree = BUILT_PRODUCTS_DIR; };
		FF11FBBD2329E2DE0043C29B /* RxMusicPlayer.h */ = {isa = PBXFileReference; lastKnownFileType = sourcecode.c.h; path = RxMusicPlayer.h; sourceTree = "<group>"; };
		FF11FBBE2329E2DE0043C29B /* Info.plist */ = {isa = PBXFileReference; lastKnownFileType = text.plist.xml; path = Info.plist; sourceTree = "<group>"; };
		FF11FBC32329E2DE0043C29B /* RxMusicPlayerTests.xctest */ = {isa = PBXFileReference; explicitFileType = wrapper.cfbundle; includeInIndex = 0; path = RxMusicPlayerTests.xctest; sourceTree = BUILT_PRODUCTS_DIR; };
		FF11FBC82329E2DE0043C29B /* RxMusicPlayerTests.swift */ = {isa = PBXFileReference; lastKnownFileType = sourcecode.swift; path = RxMusicPlayerTests.swift; sourceTree = "<group>"; };
		FF11FBCA2329E2DE0043C29B /* Info.plist */ = {isa = PBXFileReference; lastKnownFileType = text.plist.xml; path = Info.plist; sourceTree = "<group>"; };
		FF11FBD82329E3560043C29B /* Example.app */ = {isa = PBXFileReference; explicitFileType = wrapper.application; includeInIndex = 0; path = Example.app; sourceTree = BUILT_PRODUCTS_DIR; };
		FF11FBDA2329E3560043C29B /* AppDelegate.swift */ = {isa = PBXFileReference; lastKnownFileType = sourcecode.swift; path = AppDelegate.swift; sourceTree = "<group>"; };
		FF11FBDF2329E3560043C29B /* Base */ = {isa = PBXFileReference; lastKnownFileType = file.storyboard; name = Base; path = Base.lproj/Main.storyboard; sourceTree = "<group>"; };
		FF11FBE12329E35A0043C29B /* Assets.xcassets */ = {isa = PBXFileReference; lastKnownFileType = folder.assetcatalog; path = Assets.xcassets; sourceTree = "<group>"; };
		FF11FBE42329E35A0043C29B /* Base */ = {isa = PBXFileReference; lastKnownFileType = file.storyboard; name = Base; path = Base.lproj/LaunchScreen.storyboard; sourceTree = "<group>"; };
		FF11FBE62329E35A0043C29B /* Info.plist */ = {isa = PBXFileReference; lastKnownFileType = text.plist.xml; path = Info.plist; sourceTree = "<group>"; };
		FF11FBEB2329E35A0043C29B /* ExampleTests.xctest */ = {isa = PBXFileReference; explicitFileType = wrapper.cfbundle; includeInIndex = 0; path = ExampleTests.xctest; sourceTree = BUILT_PRODUCTS_DIR; };
		FF11FBEF2329E35A0043C29B /* ExampleTests.swift */ = {isa = PBXFileReference; lastKnownFileType = sourcecode.swift; path = ExampleTests.swift; sourceTree = "<group>"; };
		FF11FBF12329E35A0043C29B /* Info.plist */ = {isa = PBXFileReference; lastKnownFileType = text.plist.xml; path = Info.plist; sourceTree = "<group>"; };
		FF11FBFC2329EE770043C29B /* RxMusicPlayer.swift */ = {isa = PBXFileReference; lastKnownFileType = sourcecode.swift; path = RxMusicPlayer.swift; sourceTree = "<group>"; };
		FF11FBFE2329F3010043C29B /* RxMusicPlayerItem.swift */ = {isa = PBXFileReference; lastKnownFileType = sourcecode.swift; path = RxMusicPlayerItem.swift; sourceTree = "<group>"; };
		FF11FC022329F81F0043C29B /* RxMusicPlayerItem+Rx.swift */ = {isa = PBXFileReference; lastKnownFileType = sourcecode.swift; path = "RxMusicPlayerItem+Rx.swift"; sourceTree = "<group>"; };
		FF11FC052329F8660043C29B /* RxSwift.framework */ = {isa = PBXFileReference; lastKnownFileType = wrapper.framework; name = RxSwift.framework; path = Carthage/Build/iOS/RxSwift.framework; sourceTree = "<group>"; };
		FF11FC08232A23FF0043C29B /* AVAsynchronousKeyValueLoading+Rx.swift */ = {isa = PBXFileReference; lastKnownFileType = sourcecode.swift; path = "AVAsynchronousKeyValueLoading+Rx.swift"; sourceTree = "<group>"; };
		FF11FC0A232A270D0043C29B /* MediaPlayer.framework */ = {isa = PBXFileReference; lastKnownFileType = wrapper.framework; name = MediaPlayer.framework; path = System/Library/Frameworks/MediaPlayer.framework; sourceTree = SDKROOT; };
		FF11FC10232A2A5E0043C29B /* TableViewController.swift */ = {isa = PBXFileReference; fileEncoding = 4; lastKnownFileType = sourcecode.swift; path = TableViewController.swift; sourceTree = "<group>"; };
		FF11FC15232A391F0043C29B /* RxMusicPlayerError.swift */ = {isa = PBXFileReference; lastKnownFileType = sourcecode.swift; path = RxMusicPlayerError.swift; sourceTree = "<group>"; };
		FF1EBBBB2331C9210049C1C6 /* Double+Int.swift */ = {isa = PBXFileReference; lastKnownFileType = sourcecode.swift; path = "Double+Int.swift"; sourceTree = "<group>"; };
		FF1EBBBD2331DECD0049C1C6 /* AVPlayer+Rx.swift */ = {isa = PBXFileReference; lastKnownFileType = sourcecode.swift; path = "AVPlayer+Rx.swift"; sourceTree = "<group>"; };
		FF1EBBBF233220CC0049C1C6 /* ProgressSlider.swift */ = {isa = PBXFileReference; lastKnownFileType = sourcecode.swift; path = ProgressSlider.swift; sourceTree = "<group>"; };
		FF1EBBC1233228460049C1C6 /* ProgressSlider+Rx.swift */ = {isa = PBXFileReference; lastKnownFileType = sourcecode.swift; path = "ProgressSlider+Rx.swift"; sourceTree = "<group>"; };
		FF1EBBC3233352AD0049C1C6 /* Observable+Rx.swift */ = {isa = PBXFileReference; lastKnownFileType = sourcecode.swift; path = "Observable+Rx.swift"; sourceTree = "<group>"; };
		FF20C08C233B4866002E796C /* AVAsset+Rx.swift */ = {isa = PBXFileReference; fileEncoding = 4; lastKnownFileType = sourcecode.swift; path = "AVAsset+Rx.swift"; sourceTree = "<group>"; };
		FF20C08E233B48F7002E796C /* AVPlayerItem+Rx.swift */ = {isa = PBXFileReference; lastKnownFileType = sourcecode.swift; path = "AVPlayerItem+Rx.swift"; sourceTree = "<group>"; };
		FF6080082334C4ED0007A123 /* Array+Basic.swift */ = {isa = PBXFileReference; lastKnownFileType = sourcecode.swift; path = "Array+Basic.swift"; sourceTree = "<group>"; };
		FF6769C62330E3D100906FF6 /* CMTime+String.swift */ = {isa = PBXFileReference; lastKnownFileType = sourcecode.swift; path = "CMTime+String.swift"; sourceTree = "<group>"; };
		FF79D4C2245580100044EDDB /* PlaybackRateAction.swift */ = {isa = PBXFileReference; lastKnownFileType = sourcecode.swift; path = PlaybackRateAction.swift; sourceTree = "<group>"; };
		FFC91AF6232A4C1100B3E89A /* RxMusicPlayer+Rx.swift */ = {isa = PBXFileReference; lastKnownFileType = sourcecode.swift; path = "RxMusicPlayer+Rx.swift"; sourceTree = "<group>"; };
		FFC91B2B232B9A5A00B3E89A /* Wireframe.swift */ = {isa = PBXFileReference; lastKnownFileType = sourcecode.swift; path = Wireframe.swift; sourceTree = "<group>"; };
/* End PBXFileReference section */

/* Begin PBXFrameworksBuildPhase section */
		C26CE3C626781A1B00BA3C3F /* Frameworks */ = {
			isa = PBXFrameworksBuildPhase;
			buildActionMask = 2147483647;
			files = (
				C2637160276823430029CDCB /* RxSwift.xcframework in Frameworks */,
				C26CE408267C1A9300BA3C3F /* MediaPlayer.framework in Frameworks */,
				C263715E276823430029CDCB /* RxRelay.xcframework in Frameworks */,
				C26CE40F267C1AAD00BA3C3F /* RxMusicPlayer.framework in Frameworks */,
				C263715C276823430029CDCB /* RxCocoa.xcframework in Frameworks */,
			);
			runOnlyForDeploymentPostprocessing = 0;
		};
		C26CE3D626781A1D00BA3C3F /* Frameworks */ = {
			isa = PBXFrameworksBuildPhase;
			buildActionMask = 2147483647;
			files = (
			);
			runOnlyForDeploymentPostprocessing = 0;
		};
		C26CE3E126781A1E00BA3C3F /* Frameworks */ = {
			isa = PBXFrameworksBuildPhase;
			buildActionMask = 2147483647;
			files = (
			);
			runOnlyForDeploymentPostprocessing = 0;
		};
		FF11FBB72329E2DE0043C29B /* Frameworks */ = {
			isa = PBXFrameworksBuildPhase;
			buildActionMask = 2147483647;
			files = (
				C23F045B262C4326004686CE /* RxCocoa.xcframework in Frameworks */,
				C23F0457262C4322004686CE /* RxRelay.xcframework in Frameworks */,
				C23F043B262C4183004686CE /* RxSwift.xcframework in Frameworks */,
			);
			runOnlyForDeploymentPostprocessing = 0;
		};
		FF11FBC02329E2DE0043C29B /* Frameworks */ = {
			isa = PBXFrameworksBuildPhase;
			buildActionMask = 2147483647;
			files = (
				FF11FBC42329E2DE0043C29B /* RxMusicPlayer.framework in Frameworks */,
			);
			runOnlyForDeploymentPostprocessing = 0;
		};
		FF11FBD52329E3560043C29B /* Frameworks */ = {
			isa = PBXFrameworksBuildPhase;
			buildActionMask = 2147483647;
			files = (
				FF11FC0B232A270D0043C29B /* MediaPlayer.framework in Frameworks */,
				C23F042D262C40D4004686CE /* RxSwift.xcframework in Frameworks */,
				C23F0446262C4228004686CE /* RxCocoa.xcframework in Frameworks */,
				C23F0452262C428F004686CE /* RxRelay.xcframework in Frameworks */,
				FF11FBF92329E50E0043C29B /* RxMusicPlayer.framework in Frameworks */,
			);
			runOnlyForDeploymentPostprocessing = 0;
		};
		FF11FBE82329E35A0043C29B /* Frameworks */ = {
			isa = PBXFrameworksBuildPhase;
			buildActionMask = 2147483647;
			files = (
			);
			runOnlyForDeploymentPostprocessing = 0;
		};
/* End PBXFrameworksBuildPhase section */

/* Begin PBXGroup section */
		1528B0E698024AB876C414FA /* Pods */ = {
			isa = PBXGroup;
			children = (
				29F14102611888BD7A78FEDB /* Pods-Example.debug.xcconfig */,
				A2967B6D05CEF133682298D0 /* Pods-Example.release.xcconfig */,
			);
			path = Pods;
			sourceTree = "<group>";
		};
		C26CE3CA26781A1B00BA3C3F /* ExampleSwiftUI */ = {
			isa = PBXGroup;
			children = (
				C26CE3CB26781A1B00BA3C3F /* ExampleSwiftUIApp.swift */,
				C26CE3CD26781A1B00BA3C3F /* ContentView.swift */,
				C26CE3CF26781A1D00BA3C3F /* Assets.xcassets */,
				C26CE3D426781A1D00BA3C3F /* Info.plist */,
				C26CE3D126781A1D00BA3C3F /* Preview Content */,
				C26CE419267C683B00BA3C3F /* PlayerView.swift */,
				C26CE438267DF28A00BA3C3F /* ProgressSliderView.swift */,
				C26CE431267DF26400BA3C3F /* UIProgressSlider.swift */,
				C2772B662682B91200D2450A /* tagmp3_9179181.mp3 */,
			);
			path = ExampleSwiftUI;
			sourceTree = "<group>";
		};
		C26CE3D126781A1D00BA3C3F /* Preview Content */ = {
			isa = PBXGroup;
			children = (
				C26CE3D226781A1D00BA3C3F /* Preview Assets.xcassets */,
			);
			path = "Preview Content";
			sourceTree = "<group>";
		};
		C26CE3DC26781A1D00BA3C3F /* ExampleSwiftUITests */ = {
			isa = PBXGroup;
			children = (
				C26CE3DD26781A1D00BA3C3F /* ExampleSwiftUITests.swift */,
				C26CE3DF26781A1E00BA3C3F /* Info.plist */,
			);
			path = ExampleSwiftUITests;
			sourceTree = "<group>";
		};
		C26CE3E726781A1E00BA3C3F /* ExampleSwiftUIUITests */ = {
			isa = PBXGroup;
			children = (
				C26CE3E826781A1E00BA3C3F /* ExampleSwiftUIUITests.swift */,
				C26CE3EA26781A1E00BA3C3F /* Info.plist */,
			);
			path = ExampleSwiftUIUITests;
			sourceTree = "<group>";
		};
		FF11FBB02329E2DE0043C29B = {
			isa = PBXGroup;
			children = (
				FF11FBBC2329E2DE0043C29B /* RxMusicPlayer */,
				FF11FBC72329E2DE0043C29B /* RxMusicPlayerTests */,
				FF11FBD92329E3560043C29B /* Example */,
				FF11FBEE2329E35A0043C29B /* ExampleTests */,
				C26CE3CA26781A1B00BA3C3F /* ExampleSwiftUI */,
				C26CE3DC26781A1D00BA3C3F /* ExampleSwiftUITests */,
				C26CE3E726781A1E00BA3C3F /* ExampleSwiftUIUITests */,
				FF11FBBB2329E2DE0043C29B /* Products */,
				FF11FBF82329E50E0043C29B /* Frameworks */,
				1528B0E698024AB876C414FA /* Pods */,
			);
			sourceTree = "<group>";
		};
		FF11FBBB2329E2DE0043C29B /* Products */ = {
			isa = PBXGroup;
			children = (
				FF11FBBA2329E2DE0043C29B /* RxMusicPlayer.framework */,
				FF11FBC32329E2DE0043C29B /* RxMusicPlayerTests.xctest */,
				FF11FBD82329E3560043C29B /* Example.app */,
				FF11FBEB2329E35A0043C29B /* ExampleTests.xctest */,
				C26CE3C926781A1B00BA3C3F /* ExampleSwiftUI.app */,
				C26CE3D926781A1D00BA3C3F /* ExampleSwiftUITests.xctest */,
				C26CE3E426781A1E00BA3C3F /* ExampleSwiftUIUITests.xctest */,
			);
			name = Products;
			sourceTree = "<group>";
		};
		FF11FBBC2329E2DE0043C29B /* RxMusicPlayer */ = {
			isa = PBXGroup;
			children = (
				FF11FBBD2329E2DE0043C29B /* RxMusicPlayer.h */,
				FF11FBFC2329EE770043C29B /* RxMusicPlayer.swift */,
				FFC91AF6232A4C1100B3E89A /* RxMusicPlayer+Rx.swift */,
				FF11FBFE2329F3010043C29B /* RxMusicPlayerItem.swift */,
				FF11FC022329F81F0043C29B /* RxMusicPlayerItem+Rx.swift */,
				FF11FC15232A391F0043C29B /* RxMusicPlayerError.swift */,
				FF20C08C233B4866002E796C /* AVAsset+Rx.swift */,
				FF1EBBBD2331DECD0049C1C6 /* AVPlayer+Rx.swift */,
				FF20C08E233B48F7002E796C /* AVPlayerItem+Rx.swift */,
				FF11FC08232A23FF0043C29B /* AVAsynchronousKeyValueLoading+Rx.swift */,
				FF1EBBC3233352AD0049C1C6 /* Observable+Rx.swift */,
				FF6769C62330E3D100906FF6 /* CMTime+String.swift */,
				FF6080082334C4ED0007A123 /* Array+Basic.swift */,
				FF1EBBBB2331C9210049C1C6 /* Double+Int.swift */,
				FF11FBBE2329E2DE0043C29B /* Info.plist */,
			);
			path = RxMusicPlayer;
			sourceTree = "<group>";
		};
		FF11FBC72329E2DE0043C29B /* RxMusicPlayerTests */ = {
			isa = PBXGroup;
			children = (
				FF11FBC82329E2DE0043C29B /* RxMusicPlayerTests.swift */,
				FF11FBCA2329E2DE0043C29B /* Info.plist */,
			);
			path = RxMusicPlayerTests;
			sourceTree = "<group>";
		};
		FF11FBD92329E3560043C29B /* Example */ = {
			isa = PBXGroup;
			children = (
				FF11FBDA2329E3560043C29B /* AppDelegate.swift */,
				FF11FC10232A2A5E0043C29B /* TableViewController.swift */,
				FF79D4C2245580100044EDDB /* PlaybackRateAction.swift */,
				FF1EBBBF233220CC0049C1C6 /* ProgressSlider.swift */,
				FF1EBBC1233228460049C1C6 /* ProgressSlider+Rx.swift */,
				FFC91B2B232B9A5A00B3E89A /* Wireframe.swift */,
				FF11FBDE2329E3560043C29B /* Main.storyboard */,
				FF11FBE12329E35A0043C29B /* Assets.xcassets */,
				FF11FBE32329E35A0043C29B /* LaunchScreen.storyboard */,
				FF11FBE62329E35A0043C29B /* Info.plist */,
			);
			path = Example;
			sourceTree = "<group>";
		};
		FF11FBEE2329E35A0043C29B /* ExampleTests */ = {
			isa = PBXGroup;
			children = (
				FF11FBEF2329E35A0043C29B /* ExampleTests.swift */,
				FF11FBF12329E35A0043C29B /* Info.plist */,
			);
			path = ExampleTests;
			sourceTree = "<group>";
		};
		FF11FBF82329E50E0043C29B /* Frameworks */ = {
			isa = PBXGroup;
			children = (
				C23F0451262C428F004686CE /* RxRelay.xcframework */,
				C23F0445262C4228004686CE /* RxCocoa.xcframework */,
				C2A64DB9262C3EB40018641C /* RxSwift.xcframework */,
				FF11FC0A232A270D0043C29B /* MediaPlayer.framework */,
				FF11FC052329F8660043C29B /* RxSwift.framework */,
				4B9F36DF15A393FC092613E9 /* Pods_Example.framework */,
			);
			name = Frameworks;
			sourceTree = "<group>";
		};
/* End PBXGroup section */

/* Begin PBXHeadersBuildPhase section */
		FF11FBB52329E2DE0043C29B /* Headers */ = {
			isa = PBXHeadersBuildPhase;
			buildActionMask = 2147483647;
			files = (
				FF11FBCB2329E2DE0043C29B /* RxMusicPlayer.h in Headers */,
			);
			runOnlyForDeploymentPostprocessing = 0;
		};
/* End PBXHeadersBuildPhase section */

/* Begin PBXNativeTarget section */
		C26CE3C826781A1B00BA3C3F /* ExampleSwiftUI */ = {
			isa = PBXNativeTarget;
			buildConfigurationList = C26CE3F126781A1E00BA3C3F /* Build configuration list for PBXNativeTarget "ExampleSwiftUI" */;
			buildPhases = (
				C26CE3C526781A1B00BA3C3F /* Sources */,
				C26CE3C626781A1B00BA3C3F /* Frameworks */,
				C26CE3C726781A1B00BA3C3F /* Resources */,
				C26CE413267C1AAD00BA3C3F /* Embed Frameworks */,
			);
			buildRules = (
			);
			dependencies = (
				C26CE412267C1AAD00BA3C3F /* PBXTargetDependency */,
			);
			name = ExampleSwiftUI;
			productName = ExampleSwiftUI;
			productReference = C26CE3C926781A1B00BA3C3F /* ExampleSwiftUI.app */;
			productType = "com.apple.product-type.application";
		};
		C26CE3D826781A1D00BA3C3F /* ExampleSwiftUITests */ = {
			isa = PBXNativeTarget;
			buildConfigurationList = C26CE3F226781A1E00BA3C3F /* Build configuration list for PBXNativeTarget "ExampleSwiftUITests" */;
			buildPhases = (
				C26CE3D526781A1D00BA3C3F /* Sources */,
				C26CE3D626781A1D00BA3C3F /* Frameworks */,
				C26CE3D726781A1D00BA3C3F /* Resources */,
			);
			buildRules = (
			);
			dependencies = (
				C26CE3DB26781A1D00BA3C3F /* PBXTargetDependency */,
			);
			name = ExampleSwiftUITests;
			productName = ExampleSwiftUITests;
			productReference = C26CE3D926781A1D00BA3C3F /* ExampleSwiftUITests.xctest */;
			productType = "com.apple.product-type.bundle.unit-test";
		};
		C26CE3E326781A1E00BA3C3F /* ExampleSwiftUIUITests */ = {
			isa = PBXNativeTarget;
			buildConfigurationList = C26CE3F326781A1E00BA3C3F /* Build configuration list for PBXNativeTarget "ExampleSwiftUIUITests" */;
			buildPhases = (
				C26CE3E026781A1E00BA3C3F /* Sources */,
				C26CE3E126781A1E00BA3C3F /* Frameworks */,
				C26CE3E226781A1E00BA3C3F /* Resources */,
			);
			buildRules = (
			);
			dependencies = (
				C26CE3E626781A1E00BA3C3F /* PBXTargetDependency */,
			);
			name = ExampleSwiftUIUITests;
			productName = ExampleSwiftUIUITests;
			productReference = C26CE3E426781A1E00BA3C3F /* ExampleSwiftUIUITests.xctest */;
			productType = "com.apple.product-type.bundle.ui-testing";
		};
		FF11FBB92329E2DE0043C29B /* RxMusicPlayer */ = {
			isa = PBXNativeTarget;
			buildConfigurationList = FF11FBCE2329E2DE0043C29B /* Build configuration list for PBXNativeTarget "RxMusicPlayer" */;
			buildPhases = (
				FF11FBB52329E2DE0043C29B /* Headers */,
				FF11FBB62329E2DE0043C29B /* Sources */,
				FF11FBB72329E2DE0043C29B /* Frameworks */,
				FF11FBB82329E2DE0043C29B /* Resources */,
				FF11FBFB2329E8070043C29B /* Lint */,
			);
			buildRules = (
			);
			dependencies = (
			);
			name = RxMusicPlayer;
			productName = RxMusicPlayer;
			productReference = FF11FBBA2329E2DE0043C29B /* RxMusicPlayer.framework */;
			productType = "com.apple.product-type.framework";
		};
		FF11FBC22329E2DE0043C29B /* RxMusicPlayerTests */ = {
			isa = PBXNativeTarget;
			buildConfigurationList = FF11FBD12329E2DE0043C29B /* Build configuration list for PBXNativeTarget "RxMusicPlayerTests" */;
			buildPhases = (
				FF11FBBF2329E2DE0043C29B /* Sources */,
				FF11FBC02329E2DE0043C29B /* Frameworks */,
				FF11FBC12329E2DE0043C29B /* Resources */,
			);
			buildRules = (
			);
			dependencies = (
				FF11FBC62329E2DE0043C29B /* PBXTargetDependency */,
			);
			name = RxMusicPlayerTests;
			productName = RxMusicPlayerTests;
			productReference = FF11FBC32329E2DE0043C29B /* RxMusicPlayerTests.xctest */;
			productType = "com.apple.product-type.bundle.unit-test";
		};
		FF11FBD72329E3560043C29B /* Example */ = {
			isa = PBXNativeTarget;
			buildConfigurationList = FF11FBF62329E35A0043C29B /* Build configuration list for PBXNativeTarget "Example" */;
			buildPhases = (
				60FD28EAFF759771B731A19C /* [CP] Check Pods Manifest.lock */,
				FF11FBD42329E3560043C29B /* Sources */,
				FF11FBD52329E3560043C29B /* Frameworks */,
				FF11FBD62329E3560043C29B /* Resources */,
				FF11FBFA2329E7D00043C29B /* Lint */,
				FFC91B28232B92E300B3E89A /* Embed Frameworks */,
			);
			buildRules = (
			);
			dependencies = (
				FFC91B27232B92E200B3E89A /* PBXTargetDependency */,
			);
			name = Example;
			productName = Example;
			productReference = FF11FBD82329E3560043C29B /* Example.app */;
			productType = "com.apple.product-type.application";
		};
		FF11FBEA2329E35A0043C29B /* ExampleTests */ = {
			isa = PBXNativeTarget;
			buildConfigurationList = FF11FBF72329E35A0043C29B /* Build configuration list for PBXNativeTarget "ExampleTests" */;
			buildPhases = (
				FF11FBE72329E35A0043C29B /* Sources */,
				FF11FBE82329E35A0043C29B /* Frameworks */,
				FF11FBE92329E35A0043C29B /* Resources */,
			);
			buildRules = (
			);
			dependencies = (
				FF11FBED2329E35A0043C29B /* PBXTargetDependency */,
			);
			name = ExampleTests;
			productName = ExampleTests;
			productReference = FF11FBEB2329E35A0043C29B /* ExampleTests.xctest */;
			productType = "com.apple.product-type.bundle.unit-test";
		};
/* End PBXNativeTarget section */

/* Begin PBXProject section */
		FF11FBB12329E2DE0043C29B /* Project object */ = {
			isa = PBXProject;
			attributes = {
				LastSwiftUpdateCheck = 1210;
				LastUpgradeCheck = 1110;
				ORGANIZATIONNAME = "YOSHIMUTA YOHEI";
				TargetAttributes = {
					C26CE3C826781A1B00BA3C3F = {
						CreatedOnToolsVersion = 12.1;
					};
					C26CE3D826781A1D00BA3C3F = {
						CreatedOnToolsVersion = 12.1;
						TestTargetID = C26CE3C826781A1B00BA3C3F;
					};
					C26CE3E326781A1E00BA3C3F = {
						CreatedOnToolsVersion = 12.1;
						TestTargetID = C26CE3C826781A1B00BA3C3F;
					};
					FF11FBB92329E2DE0043C29B = {
						CreatedOnToolsVersion = 10.2;
						LastSwiftMigration = 1020;
					};
					FF11FBC22329E2DE0043C29B = {
						CreatedOnToolsVersion = 10.2;
					};
					FF11FBD72329E3560043C29B = {
						CreatedOnToolsVersion = 10.2;
						SystemCapabilities = {
							com.apple.BackgroundModes = {
								enabled = 1;
							};
						};
					};
					FF11FBEA2329E35A0043C29B = {
						CreatedOnToolsVersion = 10.2;
						TestTargetID = FF11FBD72329E3560043C29B;
					};
				};
			};
			buildConfigurationList = FF11FBB42329E2DE0043C29B /* Build configuration list for PBXProject "RxMusicPlayer" */;
			compatibilityVersion = "Xcode 9.3";
			developmentRegion = en;
			hasScannedForEncodings = 0;
			knownRegions = (
				en,
				Base,
			);
			mainGroup = FF11FBB02329E2DE0043C29B;
			productRefGroup = FF11FBBB2329E2DE0043C29B /* Products */;
			projectDirPath = "";
			projectRoot = "";
			targets = (
				FF11FBB92329E2DE0043C29B /* RxMusicPlayer */,
				FF11FBC22329E2DE0043C29B /* RxMusicPlayerTests */,
				FF11FBD72329E3560043C29B /* Example */,
				FF11FBEA2329E35A0043C29B /* ExampleTests */,
				C26CE3C826781A1B00BA3C3F /* ExampleSwiftUI */,
				C26CE3D826781A1D00BA3C3F /* ExampleSwiftUITests */,
				C26CE3E326781A1E00BA3C3F /* ExampleSwiftUIUITests */,
			);
		};
/* End PBXProject section */

/* Begin PBXResourcesBuildPhase section */
		C26CE3C726781A1B00BA3C3F /* Resources */ = {
			isa = PBXResourcesBuildPhase;
			buildActionMask = 2147483647;
			files = (
				C26CE3D326781A1D00BA3C3F /* Preview Assets.xcassets in Resources */,
				C2772B672682B91200D2450A /* tagmp3_9179181.mp3 in Resources */,
				C26CE3D026781A1D00BA3C3F /* Assets.xcassets in Resources */,
			);
			runOnlyForDeploymentPostprocessing = 0;
		};
		C26CE3D726781A1D00BA3C3F /* Resources */ = {
			isa = PBXResourcesBuildPhase;
			buildActionMask = 2147483647;
			files = (
			);
			runOnlyForDeploymentPostprocessing = 0;
		};
		C26CE3E226781A1E00BA3C3F /* Resources */ = {
			isa = PBXResourcesBuildPhase;
			buildActionMask = 2147483647;
			files = (
			);
			runOnlyForDeploymentPostprocessing = 0;
		};
		FF11FBB82329E2DE0043C29B /* Resources */ = {
			isa = PBXResourcesBuildPhase;
			buildActionMask = 2147483647;
			files = (
			);
			runOnlyForDeploymentPostprocessing = 0;
		};
		FF11FBC12329E2DE0043C29B /* Resources */ = {
			isa = PBXResourcesBuildPhase;
			buildActionMask = 2147483647;
			files = (
			);
			runOnlyForDeploymentPostprocessing = 0;
		};
		FF11FBD62329E3560043C29B /* Resources */ = {
			isa = PBXResourcesBuildPhase;
			buildActionMask = 2147483647;
			files = (
				FF11FBE52329E35A0043C29B /* LaunchScreen.storyboard in Resources */,
				FF11FBE22329E35A0043C29B /* Assets.xcassets in Resources */,
				FF11FBE02329E3560043C29B /* Main.storyboard in Resources */,
			);
			runOnlyForDeploymentPostprocessing = 0;
		};
		FF11FBE92329E35A0043C29B /* Resources */ = {
			isa = PBXResourcesBuildPhase;
			buildActionMask = 2147483647;
			files = (
			);
			runOnlyForDeploymentPostprocessing = 0;
		};
/* End PBXResourcesBuildPhase section */

/* Begin PBXShellScriptBuildPhase section */
		60FD28EAFF759771B731A19C /* [CP] Check Pods Manifest.lock */ = {
			isa = PBXShellScriptBuildPhase;
			buildActionMask = 2147483647;
			files = (
			);
			inputFileListPaths = (
			);
			inputPaths = (
				"${PODS_PODFILE_DIR_PATH}/Podfile.lock",
				"${PODS_ROOT}/Manifest.lock",
			);
			name = "[CP] Check Pods Manifest.lock";
			outputFileListPaths = (
			);
			outputPaths = (
				"$(DERIVED_FILE_DIR)/Pods-Example-checkManifestLockResult.txt",
			);
			runOnlyForDeploymentPostprocessing = 0;
			shellPath = /bin/sh;
			shellScript = "diff \"${PODS_PODFILE_DIR_PATH}/Podfile.lock\" \"${PODS_ROOT}/Manifest.lock\" > /dev/null\nif [ $? != 0 ] ; then\n    # print error to STDERR\n    echo \"error: The sandbox is not in sync with the Podfile.lock. Run 'pod install' or update your CocoaPods installation.\" >&2\n    exit 1\nfi\n# This output is used by Xcode 'outputs' to avoid re-running this script phase.\necho \"SUCCESS\" > \"${SCRIPT_OUTPUT_FILE_0}\"\n";
			showEnvVarsInLog = 0;
		};
		FF11FBFA2329E7D00043C29B /* Lint */ = {
			isa = PBXShellScriptBuildPhase;
			buildActionMask = 2147483647;
			files = (
			);
			inputFileListPaths = (
			);
			inputPaths = (
			);
			name = Lint;
			outputFileListPaths = (
			);
			outputPaths = (
			);
			runOnlyForDeploymentPostprocessing = 0;
			shellPath = /bin/sh;
			shellScript = "set -eo pipefail\n\nif [ -z \"$CI\" ]; then\n${PODS_ROOT}/SwiftLint/swiftlint autocorrect\n${PODS_ROOT}/SwiftLint/swiftlint\n\n${PODS_ROOT}/SwiftFormat/CommandLineTool/swiftformat Example\nelse\n${PODS_ROOT}/SwiftLint/swiftlint --strict\n${PODS_ROOT}/SwiftFormat/CommandLineTool/swiftformat Example --dryrun | tee /dev/stderr | grep 'swiftformat completed. 0'\nfi\n";
		};
		FF11FBFB2329E8070043C29B /* Lint */ = {
			isa = PBXShellScriptBuildPhase;
			buildActionMask = 2147483647;
			files = (
			);
			inputFileListPaths = (
			);
			inputPaths = (
			);
			name = Lint;
			outputFileListPaths = (
			);
			outputPaths = (
			);
			runOnlyForDeploymentPostprocessing = 0;
			shellPath = /bin/sh;
			shellScript = "set -exo pipefail\n\nPODS_ROOT=./Pods\n\nif [ -z \"$CI\" ]; then\n${PODS_ROOT}/SwiftLint/swiftlint autocorrect\n${PODS_ROOT}/SwiftLint/swiftlint\n\n${PODS_ROOT}/SwiftFormat/CommandLineTool/swiftformat RxMusicPlayer\nelse\n${PODS_ROOT}/SwiftLint/swiftlint --strict\n${PODS_ROOT}/SwiftFormat/CommandLineTool/swiftformat RxMusicPlayer --dryrun | tee /dev/stderr | grep 'swiftformat completed. 0'\nfi\n";
		};
/* End PBXShellScriptBuildPhase section */

/* Begin PBXSourcesBuildPhase section */
		C26CE3C526781A1B00BA3C3F /* Sources */ = {
			isa = PBXSourcesBuildPhase;
			buildActionMask = 2147483647;
			files = (
				C26CE3CE26781A1B00BA3C3F /* ContentView.swift in Sources */,
				C26CE3CC26781A1B00BA3C3F /* ExampleSwiftUIApp.swift in Sources */,
				C26CE41A267C683B00BA3C3F /* PlayerView.swift in Sources */,
				C26CE432267DF26400BA3C3F /* UIProgressSlider.swift in Sources */,
				C26CE439267DF28A00BA3C3F /* ProgressSliderView.swift in Sources */,
			);
			runOnlyForDeploymentPostprocessing = 0;
		};
		C26CE3D526781A1D00BA3C3F /* Sources */ = {
			isa = PBXSourcesBuildPhase;
			buildActionMask = 2147483647;
			files = (
				C26CE3DE26781A1D00BA3C3F /* ExampleSwiftUITests.swift in Sources */,
			);
			runOnlyForDeploymentPostprocessing = 0;
		};
		C26CE3E026781A1E00BA3C3F /* Sources */ = {
			isa = PBXSourcesBuildPhase;
			buildActionMask = 2147483647;
			files = (
				C26CE3E926781A1E00BA3C3F /* ExampleSwiftUIUITests.swift in Sources */,
			);
			runOnlyForDeploymentPostprocessing = 0;
		};
		FF11FBB62329E2DE0043C29B /* Sources */ = {
			isa = PBXSourcesBuildPhase;
			buildActionMask = 2147483647;
			files = (
				FFC91AF7232A4C1100B3E89A /* RxMusicPlayer+Rx.swift in Sources */,
				FF11FBFD2329EE770043C29B /* RxMusicPlayer.swift in Sources */,
				FF1EBBC4233352AD0049C1C6 /* Observable+Rx.swift in Sources */,
				FF11FC16232A391F0043C29B /* RxMusicPlayerError.swift in Sources */,
				FF11FC09232A23FF0043C29B /* AVAsynchronousKeyValueLoading+Rx.swift in Sources */,
				FF20C08F233B48F7002E796C /* AVPlayerItem+Rx.swift in Sources */,
				FF1EBBBC2331C9210049C1C6 /* Double+Int.swift in Sources */,
				FF11FC032329F81F0043C29B /* RxMusicPlayerItem+Rx.swift in Sources */,
				FF11FBFF2329F3010043C29B /* RxMusicPlayerItem.swift in Sources */,
				FF6080092334C4ED0007A123 /* Array+Basic.swift in Sources */,
				FF6769C82330E59500906FF6 /* CMTime+String.swift in Sources */,
				FF1EBBBE2331DECD0049C1C6 /* AVPlayer+Rx.swift in Sources */,
				FF20C08D233B4866002E796C /* AVAsset+Rx.swift in Sources */,
			);
			runOnlyForDeploymentPostprocessing = 0;
		};
		FF11FBBF2329E2DE0043C29B /* Sources */ = {
			isa = PBXSourcesBuildPhase;
			buildActionMask = 2147483647;
			files = (
				FF11FBC92329E2DE0043C29B /* RxMusicPlayerTests.swift in Sources */,
			);
			runOnlyForDeploymentPostprocessing = 0;
		};
		FF11FBD42329E3560043C29B /* Sources */ = {
			isa = PBXSourcesBuildPhase;
			buildActionMask = 2147483647;
			files = (
				FF11FC11232A2A5E0043C29B /* TableViewController.swift in Sources */,
				FF1EBBC2233228460049C1C6 /* ProgressSlider+Rx.swift in Sources */,
				FF79D4C3245580100044EDDB /* PlaybackRateAction.swift in Sources */,
				FF11FBDB2329E3560043C29B /* AppDelegate.swift in Sources */,
				FFC91B2C232B9A5A00B3E89A /* Wireframe.swift in Sources */,
				FF1EBBC0233220CC0049C1C6 /* ProgressSlider.swift in Sources */,
			);
			runOnlyForDeploymentPostprocessing = 0;
		};
		FF11FBE72329E35A0043C29B /* Sources */ = {
			isa = PBXSourcesBuildPhase;
			buildActionMask = 2147483647;
			files = (
				FF11FBF02329E35A0043C29B /* ExampleTests.swift in Sources */,
			);
			runOnlyForDeploymentPostprocessing = 0;
		};
/* End PBXSourcesBuildPhase section */

/* Begin PBXTargetDependency section */
		C26CE3DB26781A1D00BA3C3F /* PBXTargetDependency */ = {
			isa = PBXTargetDependency;
			target = C26CE3C826781A1B00BA3C3F /* ExampleSwiftUI */;
			targetProxy = C26CE3DA26781A1D00BA3C3F /* PBXContainerItemProxy */;
		};
		C26CE3E626781A1E00BA3C3F /* PBXTargetDependency */ = {
			isa = PBXTargetDependency;
			target = C26CE3C826781A1B00BA3C3F /* ExampleSwiftUI */;
			targetProxy = C26CE3E526781A1E00BA3C3F /* PBXContainerItemProxy */;
		};
		C26CE412267C1AAD00BA3C3F /* PBXTargetDependency */ = {
			isa = PBXTargetDependency;
			target = FF11FBB92329E2DE0043C29B /* RxMusicPlayer */;
			targetProxy = C26CE411267C1AAD00BA3C3F /* PBXContainerItemProxy */;
		};
		FF11FBC62329E2DE0043C29B /* PBXTargetDependency */ = {
			isa = PBXTargetDependency;
			target = FF11FBB92329E2DE0043C29B /* RxMusicPlayer */;
			targetProxy = FF11FBC52329E2DE0043C29B /* PBXContainerItemProxy */;
		};
		FF11FBED2329E35A0043C29B /* PBXTargetDependency */ = {
			isa = PBXTargetDependency;
			target = FF11FBD72329E3560043C29B /* Example */;
			targetProxy = FF11FBEC2329E35A0043C29B /* PBXContainerItemProxy */;
		};
		FFC91B27232B92E200B3E89A /* PBXTargetDependency */ = {
			isa = PBXTargetDependency;
			target = FF11FBB92329E2DE0043C29B /* RxMusicPlayer */;
			targetProxy = FFC91B26232B92E200B3E89A /* PBXContainerItemProxy */;
		};
/* End PBXTargetDependency section */

/* Begin PBXVariantGroup section */
		FF11FBDE2329E3560043C29B /* Main.storyboard */ = {
			isa = PBXVariantGroup;
			children = (
				FF11FBDF2329E3560043C29B /* Base */,
			);
			name = Main.storyboard;
			sourceTree = "<group>";
		};
		FF11FBE32329E35A0043C29B /* LaunchScreen.storyboard */ = {
			isa = PBXVariantGroup;
			children = (
				FF11FBE42329E35A0043C29B /* Base */,
			);
			name = LaunchScreen.storyboard;
			sourceTree = "<group>";
		};
/* End PBXVariantGroup section */

/* Begin XCBuildConfiguration section */
		C26CE3EB26781A1E00BA3C3F /* Debug */ = {
			isa = XCBuildConfiguration;
			buildSettings = {
				ASSETCATALOG_COMPILER_APPICON_NAME = AppIcon;
				ASSETCATALOG_COMPILER_GLOBAL_ACCENT_COLOR_NAME = AccentColor;
				CLANG_WARN_QUOTED_INCLUDE_IN_FRAMEWORK_HEADER = YES;
				CODE_SIGN_STYLE = Automatic;
				DEVELOPMENT_ASSET_PATHS = "\"ExampleSwiftUI/Preview Content\"";
				DEVELOPMENT_TEAM = NUGP6A3A8X;
				ENABLE_PREVIEWS = YES;
				INFOPLIST_FILE = ExampleSwiftUI/Info.plist;
				IPHONEOS_DEPLOYMENT_TARGET = 14.1;
				LD_RUNPATH_SEARCH_PATHS = (
					"$(inherited)",
					"@executable_path/Frameworks",
				);
				PRODUCT_BUNDLE_IDENTIFIER = yoheimuta.ExampleSwiftUI;
				PRODUCT_NAME = "$(TARGET_NAME)";
				SWIFT_VERSION = 5.0;
				TARGETED_DEVICE_FAMILY = "1,2";
			};
			name = Debug;
		};
		C26CE3EC26781A1E00BA3C3F /* Release */ = {
			isa = XCBuildConfiguration;
			buildSettings = {
				ASSETCATALOG_COMPILER_APPICON_NAME = AppIcon;
				ASSETCATALOG_COMPILER_GLOBAL_ACCENT_COLOR_NAME = AccentColor;
				CLANG_WARN_QUOTED_INCLUDE_IN_FRAMEWORK_HEADER = YES;
				CODE_SIGN_STYLE = Automatic;
				DEVELOPMENT_ASSET_PATHS = "\"ExampleSwiftUI/Preview Content\"";
				DEVELOPMENT_TEAM = NUGP6A3A8X;
				ENABLE_PREVIEWS = YES;
				INFOPLIST_FILE = ExampleSwiftUI/Info.plist;
				IPHONEOS_DEPLOYMENT_TARGET = 14.1;
				LD_RUNPATH_SEARCH_PATHS = (
					"$(inherited)",
					"@executable_path/Frameworks",
				);
				PRODUCT_BUNDLE_IDENTIFIER = yoheimuta.ExampleSwiftUI;
				PRODUCT_NAME = "$(TARGET_NAME)";
				SWIFT_VERSION = 5.0;
				TARGETED_DEVICE_FAMILY = "1,2";
			};
			name = Release;
		};
		C26CE3ED26781A1E00BA3C3F /* Debug */ = {
			isa = XCBuildConfiguration;
			buildSettings = {
				ALWAYS_EMBED_SWIFT_STANDARD_LIBRARIES = YES;
				BUNDLE_LOADER = "$(TEST_HOST)";
				CLANG_WARN_QUOTED_INCLUDE_IN_FRAMEWORK_HEADER = YES;
				CODE_SIGN_STYLE = Automatic;
				INFOPLIST_FILE = ExampleSwiftUITests/Info.plist;
				IPHONEOS_DEPLOYMENT_TARGET = 14.1;
				LD_RUNPATH_SEARCH_PATHS = (
					"$(inherited)",
					"@executable_path/Frameworks",
					"@loader_path/Frameworks",
				);
				PRODUCT_BUNDLE_IDENTIFIER = yoheimuta.ExampleSwiftUITests;
				PRODUCT_NAME = "$(TARGET_NAME)";
				SWIFT_VERSION = 5.0;
				TARGETED_DEVICE_FAMILY = "1,2";
				TEST_HOST = "$(BUILT_PRODUCTS_DIR)/ExampleSwiftUI.app/ExampleSwiftUI";
			};
			name = Debug;
		};
		C26CE3EE26781A1E00BA3C3F /* Release */ = {
			isa = XCBuildConfiguration;
			buildSettings = {
				ALWAYS_EMBED_SWIFT_STANDARD_LIBRARIES = YES;
				BUNDLE_LOADER = "$(TEST_HOST)";
				CLANG_WARN_QUOTED_INCLUDE_IN_FRAMEWORK_HEADER = YES;
				CODE_SIGN_STYLE = Automatic;
				INFOPLIST_FILE = ExampleSwiftUITests/Info.plist;
				IPHONEOS_DEPLOYMENT_TARGET = 14.1;
				LD_RUNPATH_SEARCH_PATHS = (
					"$(inherited)",
					"@executable_path/Frameworks",
					"@loader_path/Frameworks",
				);
				PRODUCT_BUNDLE_IDENTIFIER = yoheimuta.ExampleSwiftUITests;
				PRODUCT_NAME = "$(TARGET_NAME)";
				SWIFT_VERSION = 5.0;
				TARGETED_DEVICE_FAMILY = "1,2";
				TEST_HOST = "$(BUILT_PRODUCTS_DIR)/ExampleSwiftUI.app/ExampleSwiftUI";
			};
			name = Release;
		};
		C26CE3EF26781A1E00BA3C3F /* Debug */ = {
			isa = XCBuildConfiguration;
			buildSettings = {
				ALWAYS_EMBED_SWIFT_STANDARD_LIBRARIES = YES;
				CLANG_WARN_QUOTED_INCLUDE_IN_FRAMEWORK_HEADER = YES;
				CODE_SIGN_STYLE = Automatic;
				INFOPLIST_FILE = ExampleSwiftUIUITests/Info.plist;
				IPHONEOS_DEPLOYMENT_TARGET = 14.1;
				LD_RUNPATH_SEARCH_PATHS = (
					"$(inherited)",
					"@executable_path/Frameworks",
					"@loader_path/Frameworks",
				);
				PRODUCT_BUNDLE_IDENTIFIER = yoheimuta.ExampleSwiftUIUITests;
				PRODUCT_NAME = "$(TARGET_NAME)";
				SWIFT_VERSION = 5.0;
				TARGETED_DEVICE_FAMILY = "1,2";
				TEST_TARGET_NAME = ExampleSwiftUI;
			};
			name = Debug;
		};
		C26CE3F026781A1E00BA3C3F /* Release */ = {
			isa = XCBuildConfiguration;
			buildSettings = {
				ALWAYS_EMBED_SWIFT_STANDARD_LIBRARIES = YES;
				CLANG_WARN_QUOTED_INCLUDE_IN_FRAMEWORK_HEADER = YES;
				CODE_SIGN_STYLE = Automatic;
				INFOPLIST_FILE = ExampleSwiftUIUITests/Info.plist;
				IPHONEOS_DEPLOYMENT_TARGET = 14.1;
				LD_RUNPATH_SEARCH_PATHS = (
					"$(inherited)",
					"@executable_path/Frameworks",
					"@loader_path/Frameworks",
				);
				PRODUCT_BUNDLE_IDENTIFIER = yoheimuta.ExampleSwiftUIUITests;
				PRODUCT_NAME = "$(TARGET_NAME)";
				SWIFT_VERSION = 5.0;
				TARGETED_DEVICE_FAMILY = "1,2";
				TEST_TARGET_NAME = ExampleSwiftUI;
			};
			name = Release;
		};
		FF11FBCC2329E2DE0043C29B /* Debug */ = {
			isa = XCBuildConfiguration;
			buildSettings = {
				ALWAYS_SEARCH_USER_PATHS = NO;
				CLANG_ANALYZER_NONNULL = YES;
				CLANG_ANALYZER_NUMBER_OBJECT_CONVERSION = YES_AGGRESSIVE;
				CLANG_CXX_LANGUAGE_STANDARD = "gnu++14";
				CLANG_CXX_LIBRARY = "libc++";
				CLANG_ENABLE_MODULES = YES;
				CLANG_ENABLE_OBJC_ARC = YES;
				CLANG_ENABLE_OBJC_WEAK = YES;
				CLANG_WARN_BLOCK_CAPTURE_AUTORELEASING = YES;
				CLANG_WARN_BOOL_CONVERSION = YES;
				CLANG_WARN_COMMA = YES;
				CLANG_WARN_CONSTANT_CONVERSION = YES;
				CLANG_WARN_DEPRECATED_OBJC_IMPLEMENTATIONS = YES;
				CLANG_WARN_DIRECT_OBJC_ISA_USAGE = YES_ERROR;
				CLANG_WARN_DOCUMENTATION_COMMENTS = YES;
				CLANG_WARN_EMPTY_BODY = YES;
				CLANG_WARN_ENUM_CONVERSION = YES;
				CLANG_WARN_INFINITE_RECURSION = YES;
				CLANG_WARN_INT_CONVERSION = YES;
				CLANG_WARN_NON_LITERAL_NULL_CONVERSION = YES;
				CLANG_WARN_OBJC_IMPLICIT_RETAIN_SELF = YES;
				CLANG_WARN_OBJC_LITERAL_CONVERSION = YES;
				CLANG_WARN_OBJC_ROOT_CLASS = YES_ERROR;
				CLANG_WARN_RANGE_LOOP_ANALYSIS = YES;
				CLANG_WARN_STRICT_PROTOTYPES = YES;
				CLANG_WARN_SUSPICIOUS_MOVE = YES;
				CLANG_WARN_UNGUARDED_AVAILABILITY = YES_AGGRESSIVE;
				CLANG_WARN_UNREACHABLE_CODE = YES;
				CLANG_WARN__DUPLICATE_METHOD_MATCH = YES;
				CODE_SIGN_IDENTITY = "iPhone Developer";
				COPY_PHASE_STRIP = NO;
				CURRENT_PROJECT_VERSION = 1;
				DEBUG_INFORMATION_FORMAT = dwarf;
				ENABLE_STRICT_OBJC_MSGSEND = YES;
				ENABLE_TESTABILITY = YES;
				GCC_C_LANGUAGE_STANDARD = gnu11;
				GCC_DYNAMIC_NO_PIC = NO;
				GCC_NO_COMMON_BLOCKS = YES;
				GCC_OPTIMIZATION_LEVEL = 0;
				GCC_PREPROCESSOR_DEFINITIONS = (
					"DEBUG=1",
					"$(inherited)",
				);
				GCC_WARN_64_TO_32_BIT_CONVERSION = YES;
				GCC_WARN_ABOUT_RETURN_TYPE = YES_ERROR;
				GCC_WARN_UNDECLARED_SELECTOR = YES;
				GCC_WARN_UNINITIALIZED_AUTOS = YES_AGGRESSIVE;
				GCC_WARN_UNUSED_FUNCTION = YES;
				GCC_WARN_UNUSED_VARIABLE = YES;
				IPHONEOS_DEPLOYMENT_TARGET = 10.0;
				MTL_ENABLE_DEBUG_INFO = INCLUDE_SOURCE;
				MTL_FAST_MATH = YES;
				ONLY_ACTIVE_ARCH = YES;
				SDKROOT = iphoneos;
				SWIFT_ACTIVE_COMPILATION_CONDITIONS = DEBUG;
				SWIFT_OPTIMIZATION_LEVEL = "-Onone";
				SWIFT_TREAT_WARNINGS_AS_ERRORS = YES;
				VERSIONING_SYSTEM = "apple-generic";
				VERSION_INFO_PREFIX = "";
			};
			name = Debug;
		};
		FF11FBCD2329E2DE0043C29B /* Release */ = {
			isa = XCBuildConfiguration;
			buildSettings = {
				ALWAYS_SEARCH_USER_PATHS = NO;
				CLANG_ANALYZER_NONNULL = YES;
				CLANG_ANALYZER_NUMBER_OBJECT_CONVERSION = YES_AGGRESSIVE;
				CLANG_CXX_LANGUAGE_STANDARD = "gnu++14";
				CLANG_CXX_LIBRARY = "libc++";
				CLANG_ENABLE_MODULES = YES;
				CLANG_ENABLE_OBJC_ARC = YES;
				CLANG_ENABLE_OBJC_WEAK = YES;
				CLANG_WARN_BLOCK_CAPTURE_AUTORELEASING = YES;
				CLANG_WARN_BOOL_CONVERSION = YES;
				CLANG_WARN_COMMA = YES;
				CLANG_WARN_CONSTANT_CONVERSION = YES;
				CLANG_WARN_DEPRECATED_OBJC_IMPLEMENTATIONS = YES;
				CLANG_WARN_DIRECT_OBJC_ISA_USAGE = YES_ERROR;
				CLANG_WARN_DOCUMENTATION_COMMENTS = YES;
				CLANG_WARN_EMPTY_BODY = YES;
				CLANG_WARN_ENUM_CONVERSION = YES;
				CLANG_WARN_INFINITE_RECURSION = YES;
				CLANG_WARN_INT_CONVERSION = YES;
				CLANG_WARN_NON_LITERAL_NULL_CONVERSION = YES;
				CLANG_WARN_OBJC_IMPLICIT_RETAIN_SELF = YES;
				CLANG_WARN_OBJC_LITERAL_CONVERSION = YES;
				CLANG_WARN_OBJC_ROOT_CLASS = YES_ERROR;
				CLANG_WARN_RANGE_LOOP_ANALYSIS = YES;
				CLANG_WARN_STRICT_PROTOTYPES = YES;
				CLANG_WARN_SUSPICIOUS_MOVE = YES;
				CLANG_WARN_UNGUARDED_AVAILABILITY = YES_AGGRESSIVE;
				CLANG_WARN_UNREACHABLE_CODE = YES;
				CLANG_WARN__DUPLICATE_METHOD_MATCH = YES;
				CODE_SIGN_IDENTITY = "iPhone Developer";
				COPY_PHASE_STRIP = NO;
				CURRENT_PROJECT_VERSION = 1;
				DEBUG_INFORMATION_FORMAT = "dwarf-with-dsym";
				ENABLE_NS_ASSERTIONS = NO;
				ENABLE_STRICT_OBJC_MSGSEND = YES;
				GCC_C_LANGUAGE_STANDARD = gnu11;
				GCC_NO_COMMON_BLOCKS = YES;
				GCC_WARN_64_TO_32_BIT_CONVERSION = YES;
				GCC_WARN_ABOUT_RETURN_TYPE = YES_ERROR;
				GCC_WARN_UNDECLARED_SELECTOR = YES;
				GCC_WARN_UNINITIALIZED_AUTOS = YES_AGGRESSIVE;
				GCC_WARN_UNUSED_FUNCTION = YES;
				GCC_WARN_UNUSED_VARIABLE = YES;
				IPHONEOS_DEPLOYMENT_TARGET = 10.0;
				MTL_ENABLE_DEBUG_INFO = NO;
				MTL_FAST_MATH = YES;
				SDKROOT = iphoneos;
				SWIFT_COMPILATION_MODE = wholemodule;
				SWIFT_OPTIMIZATION_LEVEL = "-O";
				SWIFT_TREAT_WARNINGS_AS_ERRORS = YES;
				VALIDATE_PRODUCT = YES;
				VERSIONING_SYSTEM = "apple-generic";
				VERSION_INFO_PREFIX = "";
			};
			name = Release;
		};
		FF11FBCF2329E2DE0043C29B /* Debug */ = {
			isa = XCBuildConfiguration;
			buildSettings = {
				CLANG_ENABLE_MODULES = YES;
				CODE_SIGN_IDENTITY = "";
				CODE_SIGN_STYLE = Automatic;
				DEFINES_MODULE = YES;
				DEVELOPMENT_TEAM = NUGP6A3A8X;
				DYLIB_COMPATIBILITY_VERSION = 1;
				DYLIB_CURRENT_VERSION = 1;
				DYLIB_INSTALL_NAME_BASE = "@rpath";
				FRAMEWORK_SEARCH_PATHS = (
					"$(inherited)",
					"$(PROJECT_DIR)/Carthage/Build/iOS",
				);
				INFOPLIST_FILE = RxMusicPlayer/Info.plist;
				INSTALL_PATH = "$(LOCAL_LIBRARY_DIR)/Frameworks";
				LD_RUNPATH_SEARCH_PATHS = (
					"$(inherited)",
					"@executable_path/Frameworks",
					"@loader_path/Frameworks",
				);
				PRODUCT_BUNDLE_IDENTIFIER = com.github.yoheimuta.RxMusicPlayer;
				PRODUCT_NAME = "$(TARGET_NAME:c99extidentifier)";
				SKIP_INSTALL = YES;
				SWIFT_OPTIMIZATION_LEVEL = "-Onone";
				SWIFT_VERSION = 5.0;
				TARGETED_DEVICE_FAMILY = "1,2";
			};
			name = Debug;
		};
		FF11FBD02329E2DE0043C29B /* Release */ = {
			isa = XCBuildConfiguration;
			buildSettings = {
				CLANG_ENABLE_MODULES = YES;
				CODE_SIGN_IDENTITY = "";
				CODE_SIGN_STYLE = Automatic;
				DEFINES_MODULE = YES;
				DEVELOPMENT_TEAM = NUGP6A3A8X;
				DYLIB_COMPATIBILITY_VERSION = 1;
				DYLIB_CURRENT_VERSION = 1;
				DYLIB_INSTALL_NAME_BASE = "@rpath";
				FRAMEWORK_SEARCH_PATHS = (
					"$(inherited)",
					"$(PROJECT_DIR)/Carthage/Build/iOS",
				);
				INFOPLIST_FILE = RxMusicPlayer/Info.plist;
				INSTALL_PATH = "$(LOCAL_LIBRARY_DIR)/Frameworks";
				LD_RUNPATH_SEARCH_PATHS = (
					"$(inherited)",
					"@executable_path/Frameworks",
					"@loader_path/Frameworks",
				);
				PRODUCT_BUNDLE_IDENTIFIER = com.github.yoheimuta.RxMusicPlayer;
				PRODUCT_NAME = "$(TARGET_NAME:c99extidentifier)";
				SKIP_INSTALL = YES;
				SWIFT_VERSION = 5.0;
				TARGETED_DEVICE_FAMILY = "1,2";
			};
			name = Release;
		};
		FF11FBD22329E2DE0043C29B /* Debug */ = {
			isa = XCBuildConfiguration;
			buildSettings = {
				ALWAYS_EMBED_SWIFT_STANDARD_LIBRARIES = YES;
				CODE_SIGN_IDENTITY = "iPhone Developer";
				CODE_SIGN_STYLE = Automatic;
				DEVELOPMENT_TEAM = NUGP6A3A8X;
				INFOPLIST_FILE = RxMusicPlayerTests/Info.plist;
				LD_RUNPATH_SEARCH_PATHS = (
					"$(inherited)",
					"@executable_path/Frameworks",
					"@loader_path/Frameworks",
				);
				PRODUCT_BUNDLE_IDENTIFIER = com.github.yoheimuta.RxMusicPlayerTests;
				PRODUCT_NAME = "$(TARGET_NAME)";
				PROVISIONING_PROFILE_SPECIFIER = "";
				SWIFT_VERSION = 5.0;
				TARGETED_DEVICE_FAMILY = "1,2";
			};
			name = Debug;
		};
		FF11FBD32329E2DE0043C29B /* Release */ = {
			isa = XCBuildConfiguration;
			buildSettings = {
				ALWAYS_EMBED_SWIFT_STANDARD_LIBRARIES = YES;
				CODE_SIGN_IDENTITY = "iPhone Developer";
				CODE_SIGN_STYLE = Automatic;
				DEVELOPMENT_TEAM = NUGP6A3A8X;
				INFOPLIST_FILE = RxMusicPlayerTests/Info.plist;
				LD_RUNPATH_SEARCH_PATHS = (
					"$(inherited)",
					"@executable_path/Frameworks",
					"@loader_path/Frameworks",
				);
				PRODUCT_BUNDLE_IDENTIFIER = com.github.yoheimuta.RxMusicPlayerTests;
				PRODUCT_NAME = "$(TARGET_NAME)";
				PROVISIONING_PROFILE_SPECIFIER = "";
				SWIFT_VERSION = 5.0;
				TARGETED_DEVICE_FAMILY = "1,2";
			};
			name = Release;
		};
		FF11FBF22329E35A0043C29B /* Debug */ = {
			isa = XCBuildConfiguration;
			baseConfigurationReference = 29F14102611888BD7A78FEDB /* Pods-Example.debug.xcconfig */;
			buildSettings = {
				ALWAYS_EMBED_SWIFT_STANDARD_LIBRARIES = YES;
				ASSETCATALOG_COMPILER_APPICON_NAME = AppIcon;
				CODE_SIGN_IDENTITY = "Apple Development";
				CODE_SIGN_STYLE = Automatic;
				DEVELOPMENT_TEAM = NUGP6A3A8X;
				FRAMEWORK_SEARCH_PATHS = (
					"$(inherited)",
					"$(PROJECT_DIR)/Carthage/Build/iOS",
				);
				INFOPLIST_FILE = Example/Info.plist;
				LD_RUNPATH_SEARCH_PATHS = (
					"$(inherited)",
					"@executable_path/Frameworks",
				);
				PRODUCT_BUNDLE_IDENTIFIER = com.github.yoheimuta.Example;
				PRODUCT_NAME = "$(TARGET_NAME)";
				PROVISIONING_PROFILE_SPECIFIER = "";
				SWIFT_VERSION = 5.0;
				TARGETED_DEVICE_FAMILY = "1,2";
			};
			name = Debug;
		};
		FF11FBF32329E35A0043C29B /* Release */ = {
			isa = XCBuildConfiguration;
			baseConfigurationReference = A2967B6D05CEF133682298D0 /* Pods-Example.release.xcconfig */;
			buildSettings = {
				ALWAYS_EMBED_SWIFT_STANDARD_LIBRARIES = YES;
				ASSETCATALOG_COMPILER_APPICON_NAME = AppIcon;
				CODE_SIGN_IDENTITY = "Apple Development";
				CODE_SIGN_STYLE = Automatic;
				DEVELOPMENT_TEAM = NUGP6A3A8X;
				FRAMEWORK_SEARCH_PATHS = (
					"$(inherited)",
					"$(PROJECT_DIR)/Carthage/Build/iOS",
				);
				INFOPLIST_FILE = Example/Info.plist;
				LD_RUNPATH_SEARCH_PATHS = (
					"$(inherited)",
					"@executable_path/Frameworks",
				);
				PRODUCT_BUNDLE_IDENTIFIER = com.github.yoheimuta.Example;
				PRODUCT_NAME = "$(TARGET_NAME)";
				PROVISIONING_PROFILE_SPECIFIER = "";
				SWIFT_VERSION = 5.0;
				TARGETED_DEVICE_FAMILY = "1,2";
			};
			name = Release;
		};
		FF11FBF42329E35A0043C29B /* Debug */ = {
			isa = XCBuildConfiguration;
			buildSettings = {
				ALWAYS_EMBED_SWIFT_STANDARD_LIBRARIES = YES;
				BUNDLE_LOADER = "$(TEST_HOST)";
				CODE_SIGN_STYLE = Automatic;
				INFOPLIST_FILE = ExampleTests/Info.plist;
				LD_RUNPATH_SEARCH_PATHS = (
					"$(inherited)",
					"@executable_path/Frameworks",
					"@loader_path/Frameworks",
				);
				PRODUCT_BUNDLE_IDENTIFIER = com.github.yoheimuta.ExampleTests;
				PRODUCT_NAME = "$(TARGET_NAME)";
				SWIFT_VERSION = 5.0;
				TARGETED_DEVICE_FAMILY = "1,2";
				TEST_HOST = "$(BUILT_PRODUCTS_DIR)/Example.app/Example";
			};
			name = Debug;
		};
		FF11FBF52329E35A0043C29B /* Release */ = {
			isa = XCBuildConfiguration;
			buildSettings = {
				ALWAYS_EMBED_SWIFT_STANDARD_LIBRARIES = YES;
				BUNDLE_LOADER = "$(TEST_HOST)";
				CODE_SIGN_STYLE = Automatic;
				INFOPLIST_FILE = ExampleTests/Info.plist;
				LD_RUNPATH_SEARCH_PATHS = (
					"$(inherited)",
					"@executable_path/Frameworks",
					"@loader_path/Frameworks",
				);
				PRODUCT_BUNDLE_IDENTIFIER = com.github.yoheimuta.ExampleTests;
				PRODUCT_NAME = "$(TARGET_NAME)";
				SWIFT_VERSION = 5.0;
				TARGETED_DEVICE_FAMILY = "1,2";
				TEST_HOST = "$(BUILT_PRODUCTS_DIR)/Example.app/Example";
			};
			name = Release;
		};
/* End XCBuildConfiguration section */

/* Begin XCConfigurationList section */
		C26CE3F126781A1E00BA3C3F /* Build configuration list for PBXNativeTarget "ExampleSwiftUI" */ = {
			isa = XCConfigurationList;
			buildConfigurations = (
				C26CE3EB26781A1E00BA3C3F /* Debug */,
				C26CE3EC26781A1E00BA3C3F /* Release */,
			);
			defaultConfigurationIsVisible = 0;
			defaultConfigurationName = Release;
		};
		C26CE3F226781A1E00BA3C3F /* Build configuration list for PBXNativeTarget "ExampleSwiftUITests" */ = {
			isa = XCConfigurationList;
			buildConfigurations = (
				C26CE3ED26781A1E00BA3C3F /* Debug */,
				C26CE3EE26781A1E00BA3C3F /* Release */,
			);
			defaultConfigurationIsVisible = 0;
			defaultConfigurationName = Release;
		};
		C26CE3F326781A1E00BA3C3F /* Build configuration list for PBXNativeTarget "ExampleSwiftUIUITests" */ = {
			isa = XCConfigurationList;
			buildConfigurations = (
				C26CE3EF26781A1E00BA3C3F /* Debug */,
				C26CE3F026781A1E00BA3C3F /* Release */,
			);
			defaultConfigurationIsVisible = 0;
			defaultConfigurationName = Release;
		};
		FF11FBB42329E2DE0043C29B /* Build configuration list for PBXProject "RxMusicPlayer" */ = {
			isa = XCConfigurationList;
			buildConfigurations = (
				FF11FBCC2329E2DE0043C29B /* Debug */,
				FF11FBCD2329E2DE0043C29B /* Release */,
			);
			defaultConfigurationIsVisible = 0;
			defaultConfigurationName = Release;
		};
		FF11FBCE2329E2DE0043C29B /* Build configuration list for PBXNativeTarget "RxMusicPlayer" */ = {
			isa = XCConfigurationList;
			buildConfigurations = (
				FF11FBCF2329E2DE0043C29B /* Debug */,
				FF11FBD02329E2DE0043C29B /* Release */,
			);
			defaultConfigurationIsVisible = 0;
			defaultConfigurationName = Release;
		};
		FF11FBD12329E2DE0043C29B /* Build configuration list for PBXNativeTarget "RxMusicPlayerTests" */ = {
			isa = XCConfigurationList;
			buildConfigurations = (
				FF11FBD22329E2DE0043C29B /* Debug */,
				FF11FBD32329E2DE0043C29B /* Release */,
			);
			defaultConfigurationIsVisible = 0;
			defaultConfigurationName = Release;
		};
		FF11FBF62329E35A0043C29B /* Build configuration list for PBXNativeTarget "Example" */ = {
			isa = XCConfigurationList;
			buildConfigurations = (
				FF11FBF22329E35A0043C29B /* Debug */,
				FF11FBF32329E35A0043C29B /* Release */,
			);
			defaultConfigurationIsVisible = 0;
			defaultConfigurationName = Release;
		};
		FF11FBF72329E35A0043C29B /* Build configuration list for PBXNativeTarget "ExampleTests" */ = {
			isa = XCConfigurationList;
			buildConfigurations = (
				FF11FBF42329E35A0043C29B /* Debug */,
				FF11FBF52329E35A0043C29B /* Release */,
			);
			defaultConfigurationIsVisible = 0;
			defaultConfigurationName = Release;
		};
/* End XCConfigurationList section */
	};
	rootObject = FF11FBB12329E2DE0043C29B /* Project object */;
}
